PODS:
  - Alamofire (4.9.0)
  - Armchair (0.3.6)
  - CountryPickerSwift (1.8.2)
  - Crashlytics (3.14.0):
    - Fabric (~> 1.10.2)
  - Fabric (1.10.2)
  - FBSDKCoreKit (5.7.0):
    - FBSDKCoreKit/Basics (= 5.7.0)
    - FBSDKCoreKit/Core (= 5.7.0)
  - FBSDKCoreKit/Basics (5.7.0)
  - FBSDKCoreKit/Core (5.7.0):
    - FBSDKCoreKit/Basics
  - Firebase/Auth (6.9.0):
    - Firebase/CoreOnly
    - FirebaseAuth (~> 6.2.3)
  - Firebase/Core (6.9.0):
    - Firebase/CoreOnly
    - FirebaseAnalytics (= 6.1.2)
  - Firebase/CoreOnly (6.9.0):
    - FirebaseCore (= 6.3.0)
  - Firebase/Database (6.9.0):
    - Firebase/CoreOnly
    - FirebaseDatabase (~> 6.1.0)
  - Firebase/Messaging (6.9.0):
    - Firebase/CoreOnly
    - FirebaseMessaging (~> 4.1.4)
  - FirebaseAnalytics (6.1.2):
    - FirebaseCore (~> 6.3)
    - FirebaseInstanceID (~> 4.2)
    - GoogleAppMeasurement (= 6.1.2)
    - GoogleUtilities/AppDelegateSwizzler (~> 6.0)
    - GoogleUtilities/MethodSwizzler (~> 6.0)
    - GoogleUtilities/Network (~> 6.0)
    - "GoogleUtilities/NSData+zlib (~> 6.0)"
    - nanopb (~> 0.3)
  - FirebaseAnalyticsInterop (1.4.0)
  - FirebaseAuth (6.2.3):
    - FirebaseAuthInterop (~> 1.0)
    - FirebaseCore (~> 6.2)
    - GoogleUtilities/AppDelegateSwizzler (~> 6.2)
    - GoogleUtilities/Environment (~> 6.2)
    - GTMSessionFetcher/Core (~> 1.1)
  - FirebaseAuthInterop (1.0.0)
  - FirebaseCore (6.3.0):
    - FirebaseCoreDiagnostics (~> 1.0)
    - FirebaseCoreDiagnosticsInterop (~> 1.0)
    - GoogleUtilities/Environment (~> 6.2)
    - GoogleUtilities/Logger (~> 6.2)
  - FirebaseCoreDiagnostics (1.1.0):
    - FirebaseCoreDiagnosticsInterop (~> 1.0)
    - GoogleDataTransportCCTSupport (~> 1.0)
    - GoogleUtilities/Environment (~> 6.2)
    - GoogleUtilities/Logger (~> 6.2)
  - FirebaseCoreDiagnosticsInterop (1.0.0)
  - FirebaseDatabase (6.1.0):
    - FirebaseAuthInterop (~> 1.0)
    - FirebaseCore (~> 6.0)
    - leveldb-library (~> 1.18)
  - FirebaseInstanceID (4.2.5):
    - FirebaseCore (~> 6.0)
    - GoogleUtilities/Environment (~> 6.0)
    - GoogleUtilities/UserDefaults (~> 6.0)
  - FirebaseMessaging (4.1.5):
    - FirebaseAnalyticsInterop (~> 1.3)
    - FirebaseCore (~> 6.2)
    - FirebaseInstanceID (~> 4.1)
    - GoogleUtilities/AppDelegateSwizzler (~> 6.2)
    - GoogleUtilities/Environment (~> 6.2)
    - GoogleUtilities/Reachability (~> 6.2)
    - GoogleUtilities/UserDefaults (~> 6.2)
    - Protobuf (~> 3.1)
  - GoogleAppMeasurement (6.1.2):
    - GoogleUtilities/AppDelegateSwizzler (~> 6.0)
    - GoogleUtilities/MethodSwizzler (~> 6.0)
    - GoogleUtilities/Network (~> 6.0)
    - "GoogleUtilities/NSData+zlib (~> 6.0)"
    - nanopb (~> 0.3)
  - GoogleDataTransport (2.0.0)
  - GoogleDataTransportCCTSupport (1.1.0):
    - GoogleDataTransport (~> 2.0)
    - nanopb
  - GoogleUtilities/AppDelegateSwizzler (6.3.1):
    - GoogleUtilities/Environment
    - GoogleUtilities/Logger
    - GoogleUtilities/Network
  - GoogleUtilities/Environment (6.3.1)
  - GoogleUtilities/Logger (6.3.1):
    - GoogleUtilities/Environment
  - GoogleUtilities/MethodSwizzler (6.3.1):
    - GoogleUtilities/Logger
  - GoogleUtilities/Network (6.3.1):
    - GoogleUtilities/Logger
    - "GoogleUtilities/NSData+zlib"
    - GoogleUtilities/Reachability
  - "GoogleUtilities/NSData+zlib (6.3.1)"
  - GoogleUtilities/Reachability (6.3.1):
    - GoogleUtilities/Logger
  - GoogleUtilities/UserDefaults (6.3.1):
    - GoogleUtilities/Logger
  - GTMSessionFetcher/Core (1.2.2)
  - Hero (1.4.0)
  - IGListKit (3.4.0):
    - IGListKit/Default (= 3.4.0)
  - IGListKit/Default (3.4.0):
    - IGListKit/Diffing
  - IGListKit/Diffing (3.4.0)
  - Intercom (5.5.1)
  - IQKeyboardManagerSwift (6.5.1)
  - KochavaTrackeriOS (3.11.3)
  - leveldb-library (1.22)
  - lottie-ios (3.1.3)
  - Mixpanel-swift (2.6.6):
    - Mixpanel-swift/Complete (= 2.6.6)
  - Mixpanel-swift/Complete (2.6.6)
  - nanopb (0.3.901):
    - nanopb/decode (= 0.3.901)
    - nanopb/encode (= 0.3.901)
  - nanopb/decode (0.3.901)
  - nanopb/encode (0.3.901)
  - Protobuf (3.10.0)
  - RxCocoa (5.0.0):
    - RxRelay (~> 5)
    - RxSwift (~> 5)
  - RxRelay (5.0.0):
    - RxSwift (~> 5)
  - RxSwift (5.0.0)
  - SkyFloatingLabelTextField (3.7.0)
  - SVProgressHUD (2.2.5)
  - SwiftKeychainWrapper (3.4.0)
  - SwiftyRSA (1.5.0):
    - SwiftyRSA/ObjC (= 1.5.0)
  - SwiftyRSA/ObjC (1.5.0)
  - Swinject (2.7.1)
  - SwinjectStoryboard (2.2.0):
    - Swinject (~> 2.6)
  - Validator (3.2.1)
  - ZDCChat (1.4.2):
    - ZDCChat/API (= 1.4.2)
    - ZDCChat/Localization (= 1.4.2)
    - ZDCChat/UI (= 1.4.2)
  - ZDCChat/API (1.4.2)
  - ZDCChat/Localization (1.4.2)
  - ZDCChat/UI (1.4.2):
    - ZDCChat/API
  - ZendeskSDK (3.0.2):
    - ZendeskSDK/Providers (= 3.0.2)
    - ZendeskSDK/UI (= 3.0.2)
  - ZendeskSDK/Core (3.0.2)
  - ZendeskSDK/Providers (3.0.2):
    - ZendeskSDK/Core
  - ZendeskSDK/UI (3.0.2):
    - ZendeskSDK/Core
    - ZendeskSDK/Providers

DEPENDENCIES:
  - Alamofire
  - Armchair
  - CountryPickerSwift
  - Crashlytics
  - Fabric
  - FBSDKCoreKit
  - Firebase/Auth
  - Firebase/Core
  - Firebase/Database
  - Firebase/Messaging
  - Hero
  - IGListKit
  - Intercom
  - IQKeyboardManagerSwift
  - KochavaTrackeriOS
  - lottie-ios
  - Mixpanel-swift
  - RxCocoa
  - RxSwift
  - SkyFloatingLabelTextField
  - SVProgressHUD
  - SwiftKeychainWrapper
  - SwiftyRSA
  - Swinject
  - SwinjectStoryboard
  - Validator
  - ZDCChat
  - ZendeskSDK

SPEC REPOS:
  https://github.com/cocoapods/specs.git:
    - Alamofire
    - Armchair
    - CountryPickerSwift
    - Crashlytics
    - Fabric
    - FBSDKCoreKit
    - Firebase
    - FirebaseAnalytics
    - FirebaseAnalyticsInterop
    - FirebaseAuth
    - FirebaseAuthInterop
    - FirebaseCore
    - FirebaseCoreDiagnostics
    - FirebaseCoreDiagnosticsInterop
    - FirebaseDatabase
    - FirebaseInstanceID
    - FirebaseMessaging
    - GoogleAppMeasurement
    - GoogleDataTransport
    - GoogleDataTransportCCTSupport
    - GoogleUtilities
    - GTMSessionFetcher
    - Hero
    - IGListKit
    - Intercom
    - IQKeyboardManagerSwift
    - KochavaTrackeriOS
    - leveldb-library
    - lottie-ios
    - Mixpanel-swift
    - nanopb
    - Protobuf
    - RxCocoa
    - RxRelay
    - RxSwift
    - SkyFloatingLabelTextField
    - SVProgressHUD
    - SwiftKeychainWrapper
    - SwiftyRSA
    - Swinject
    - SwinjectStoryboard
    - Validator
    - ZDCChat
    - ZendeskSDK

SPEC CHECKSUMS:
  Alamofire: afc3e7c6db61476cb45cdd23fed06bad03bbc321
  Armchair: 2dd361337cf81937e73e8b9d48f9eda9a21d316c
  CountryPickerSwift: b2cd8b391a0222bd9a97d09ea30426303adac810
  Crashlytics: 540b7e5f5da5a042647227a5e3ac51d85eed06df
  Fabric: 706c8b8098fff96c33c0db69cbf81f9c551d0d74
  FBSDKCoreKit: 0d2d450fe9447e204fa6e912e0df76dd36693699
  Firebase: 2d750c54cda57d5a6ae31212cfe5cc813c6be7e4
  FirebaseAnalytics: 5d9ccbf46ed25d3ec9304d263f85bddf1e93e2d2
  FirebaseAnalyticsInterop: d48b6ab67bcf016a05e55b71fc39c61c0cb6b7f3
  FirebaseAuth: e7f86c2dfc57281cd01f7da5e4b40e01e4510a4a
  FirebaseAuthInterop: 0ffa57668be100582bb7643d4fcb7615496c41fc
  FirebaseCore: 8b2765c445d40db7137989b7146a3aa3f91b5529
  FirebaseCoreDiagnostics: be4f7a09d02ab305f18de59a470412caddb64c2a
  FirebaseCoreDiagnosticsInterop: 6829da2b8d1fc795ff1bd99df751d3788035d2cb
  FirebaseDatabase: 518cd94286de2ee999e19383a2a6ae04c81ce993
  FirebaseInstanceID: 550df9be1f99f751d8fcde3ac342a1e21a0e6c42
  FirebaseMessaging: b22b949cc45c14da01e60404dd7bffc78956380c
  GoogleAppMeasurement: 0ae90be1cc4dad40f4a27fc767ef59fa032ec87b
  GoogleDataTransport: c8617c00e4f3eb9418e42ac0e8ac5241a9d555dd
  GoogleDataTransportCCTSupport: 9f352523e8785a71f6754f51eeff09f49ec19268
  GoogleUtilities: f895fde57977df4e0233edda0dbeac490e3703b6
  GTMSessionFetcher: 61bb0f61a4cb560030f1222021178008a5727a23
  Hero: bac92350d7201a1a940003e0767c7b52ce7c99a1
  IGListKit: 7a5d788e9fb746bcd402baa8e8b24bc3bd2a5a07
  Intercom: a9dac939be35ba163304fbbdc101817a47992992
  IQKeyboardManagerSwift: 9ac7524fad9f9fe9a3b98c927e7772471ca546d2
  KochavaTrackeriOS: 66b13cf794b748f1a09ef4ce40f76c0c2a7e4540
  leveldb-library: 55d93ee664b4007aac644a782d11da33fba316f7
  lottie-ios: 496ac5cea1bbf1a7bd1f1f472f3232eb1b8d744b
  Mixpanel-swift: 39c6c0331336d7d0d5ded8936db7c96955d5c11b
  nanopb: 2901f78ea1b7b4015c860c2fdd1ea2fee1a18d48
  Protobuf: a4dc852ad69c027ca2166ed287b856697814375b
  RxCocoa: fcf32050ac00d801f34a7f71d5e8e7f23026dcd8
  RxRelay: 4f7409406a51a55cd88483f21ed898c234d60f18
  RxSwift: 8b0671caa829a763bbce7271095859121cbd895f
  SkyFloatingLabelTextField: 4b46db0ab1ccde0919cded29c656e6b4805eda04
  SVProgressHUD: 1428aafac632c1f86f62aa4243ec12008d7a51d6
  SwiftKeychainWrapper: 6fc49fbf7d4a6b0772917acb0e53a1639f6078d6
  SwiftyRSA: 6e528fb1b1a87d5111c48081083b141d6d65f1cf
  Swinject: ddf78b8486dd9b71a667b852cad919ab4484478e
  SwinjectStoryboard: 32512ef16c2b0ff5b8f823b23539c4a50f6d3383
  Validator: 80a6f567220c962dfd2d9928ae98a8c1d164f6f4
  ZDCChat: ae84350307818f7e6be94ce714da118216eb9bdc
  ZendeskSDK: f1c093a28ffcd0dc84b0cc1844801c7fc3a3dffd

PODFILE CHECKSUM: ccfe26f93d87e1e74df23c7cce207c187c4ccab1

COCOAPODS: 1.7.5
